// !$*UTF8*$!
{
	archiveVersion = 1;
	classes = {
	};
	objectVersion = 46;
	objects = {

/* Begin PBXBuildFile section */
		270926D31CAC120000A9090D /* main.c in Sources */ = {isa = PBXBuildFile; fileRef = 270926D21CAC120000A9090D /* main.c */; };
		270926DE1CAC126000A9090D /* makefile in Sources */ = {isa = PBXBuildFile; fileRef = 270926DD1CAC126000A9090D /* makefile */; };
/* End PBXBuildFile section */

/* Begin PBXCopyFilesBuildPhase section */
		270926CD1CAC120000A9090D /* CopyFiles */ = {
			isa = PBXCopyFilesBuildPhase;
			buildActionMask = 2147483647;
			dstPath = /usr/share/man/man1/;
			dstSubfolderSpec = 0;
			files = (
			);
			runOnlyForDeploymentPostprocessing = 1;
		};
/* End PBXCopyFilesBuildPhase section */

/* Begin PBXFileReference section */
		270926CF1CAC120000A9090D /* teensy */ = {isa = PBXFileReference; explicitFileType = "compiled.mach-o.executable"; includeInIndex = 0; path = teensy; sourceTree = BUILT_PRODUCTS_DIR; };
		270926D21CAC120000A9090D /* main.c */ = {isa = PBXFileReference; lastKnownFileType = sourcecode.c.c; path = main.c; sourceTree = "<group>"; };
		270926DD1CAC126000A9090D /* makefile */ = {isa = PBXFileReference; fileEncoding = 4; lastKnownFileType = sourcecode.make; path = makefile; sourceTree = "<group>"; };
		270926DF1CAC127000A9090D /* teensy.ld */ = {isa = PBXFileReference; fileEncoding = 4; lastKnownFileType = text; path = teensy.ld; sourceTree = "<group>"; };
/* End PBXFileReference section */

/* Begin PBXFrameworksBuildPhase section */
		270926CC1CAC120000A9090D /* Frameworks */ = {
			isa = PBXFrameworksBuildPhase;
			buildActionMask = 2147483647;
			files = (
			);
			runOnlyForDeploymentPostprocessing = 0;
		};
/* End PBXFrameworksBuildPhase section */

/* Begin PBXGroup section */
		270926C61CAC120000A9090D = {
			isa = PBXGroup;
			children = (
				270926D11CAC120000A9090D /* teensy */,
				270926D01CAC120000A9090D /* Products */,
			);
			sourceTree = "<group>";
		};
		270926D01CAC120000A9090D /* Products */ = {
			isa = PBXGroup;
			children = (
				270926CF1CAC120000A9090D /* teensy */,
			);
			name = Products;
			sourceTree = "<group>";
		};
		270926D11CAC120000A9090D /* teensy */ = {
			isa = PBXGroup;
			children = (
				270926D21CAC120000A9090D /* main.c */,
				270926DD1CAC126000A9090D /* makefile */,
				270926DF1CAC127000A9090D /* teensy.ld */,
			);
			path = teensy;
			sourceTree = "<group>";
		};
/* End PBXGroup section */

/* Begin PBXLegacyTarget section */
		270926D91CAC121D00A9090D /* teensy-gcc */ = {
			isa = PBXLegacyTarget;
			buildArgumentsString = "$(ACTION)";
			buildConfigurationList = 270926DA1CAC121D00A9090D /* Build configuration list for PBXLegacyTarget "teensy-gcc" */;
			buildPhases = (
			);
			buildToolPath = /usr/bin/make;
			dependencies = (
			);
			name = "teensy-gcc";
			passBuildSettingsInEnvironment = 1;
			productName = "teensy-gcc";
		};
/* End PBXLegacyTarget section */

/* Begin PBXNativeTarget section */
		270926CE1CAC120000A9090D /* teensy */ = {
			isa = PBXNativeTarget;
			buildConfigurationList = 270926D61CAC120000A9090D /* Build configuration list for PBXNativeTarget "teensy" */;
			buildPhases = (
				270926CB1CAC120000A9090D /* Sources */,
				270926CC1CAC120000A9090D /* Frameworks */,
				270926CD1CAC120000A9090D /* CopyFiles */,
			);
			buildRules = (
			);
			dependencies = (
			);
			name = teensy;
			productName = teensy;
			productReference = 270926CF1CAC120000A9090D /* teensy */;
			productType = "com.apple.product-type.tool";
		};
/* End PBXNativeTarget section */

/* Begin PBXProject section */
		270926C71CAC120000A9090D /* Project object */ = {
			isa = PBXProject;
			attributes = {
				LastUpgradeCheck = 0730;
				ORGANIZATIONNAME = "Mike Lyons";
				TargetAttributes = {
					270926CE1CAC120000A9090D = {
						CreatedOnToolsVersion = 7.3;
					};
					270926D91CAC121D00A9090D = {
						CreatedOnToolsVersion = 7.3;
					};
				};
			};
			buildConfigurationList = 270926CA1CAC120000A9090D /* Build configuration list for PBXProject "teensy" */;
			compatibilityVersion = "Xcode 3.2";
			developmentRegion = English;
			hasScannedForEncodings = 0;
			knownRegions = (
				en,
			);
			mainGroup = 270926C61CAC120000A9090D;
			productRefGroup = 270926D01CAC120000A9090D /* Products */;
			projectDirPath = "";
			projectRoot = "";
			targets = (
				270926CE1CAC120000A9090D /* teensy */,
				270926D91CAC121D00A9090D /* teensy-gcc */,
			);
		};
/* End PBXProject section */

/* Begin PBXSourcesBuildPhase section */
		270926CB1CAC120000A9090D /* Sources */ = {
			isa = PBXSourcesBuildPhase;
			buildActionMask = 2147483647;
			files = (
				270926DE1CAC126000A9090D /* makefile in Sources */,
				270926D31CAC120000A9090D /* main.c in Sources */,
			);
			runOnlyForDeploymentPostprocessing = 0;
		};
/* End PBXSourcesBuildPhase section */

/* Begin XCBuildConfiguration section */
		270926D41CAC120000A9090D /* Debug */ = {
			isa = XCBuildConfiguration;
			buildSettings = {
				ALWAYS_SEARCH_USER_PATHS = NO;
				CLANG_ANALYZER_NONNULL = YES;
				CLANG_CXX_LANGUAGE_STANDARD = "gnu++0x";
				CLANG_CXX_LIBRARY = "libc++";
				CLANG_ENABLE_MODULES = YES;
				CLANG_ENABLE_OBJC_ARC = YES;
				CLANG_WARN_BOOL_CONVERSION = YES;
				CLANG_WARN_CONSTANT_CONVERSION = YES;
				CLANG_WARN_DIRECT_OBJC_ISA_USAGE = YES_ERROR;
				CLANG_WARN_EMPTY_BODY = YES;
				CLANG_WARN_ENUM_CONVERSION = YES;
				CLANG_WARN_INT_CONVERSION = YES;
				CLANG_WARN_OBJC_ROOT_CLASS = YES_ERROR;
				CLANG_WARN_UNREACHABLE_CODE = YES;
				CLANG_WARN__DUPLICATE_METHOD_MATCH = YES;
				CODE_SIGN_IDENTITY = "-";
				COPY_PHASE_STRIP = NO;
				DEBUG_INFORMATION_FORMAT = dwarf;
				ENABLE_STRICT_OBJC_MSGSEND = YES;
				ENABLE_TESTABILITY = YES;
				GCC_C_LANGUAGE_STANDARD = gnu99;
				GCC_DYNAMIC_NO_PIC = NO;
				GCC_NO_COMMON_BLOCKS = YES;
				GCC_OPTIMIZATION_LEVEL = 0;
				GCC_PREPROCESSOR_DEFINITIONS = (
					"DEBUG=1",
					"$(inherited)",
				);
				GCC_WARN_64_TO_32_BIT_CONVERSION = YES;
				GCC_WARN_ABOUT_RETURN_TYPE = YES_ERROR;
				GCC_WARN_UNDECLARED_SELECTOR = YES;
				GCC_WARN_UNINITIALIZED_AUTOS = YES_AGGRESSIVE;
				GCC_WARN_UNUSED_FUNCTION = YES;
				GCC_WARN_UNUSED_VARIABLE = YES;
				MACOSX_DEPLOYMENT_TARGET = 10.11;
				MTL_ENABLE_DEBUG_INFO = YES;
				ONLY_ACTIVE_ARCH = YES;
				SDKROOT = macosx;
			};
			name = Debug;
		};
		270926D51CAC120000A9090D /* Release */ = {
			isa = XCBuildConfiguration;
			buildSettings = {
				ALWAYS_SEARCH_USER_PATHS = NO;
				CLANG_ANALYZER_NONNULL = YES;
				CLANG_CXX_LANGUAGE_STANDARD = "gnu++0x";
				CLANG_CXX_LIBRARY = "libc++";
				CLANG_ENABLE_MODULES = YES;
				CLANG_ENABLE_OBJC_ARC = YES;
				CLANG_WARN_BOOL_CONVERSION = YES;
				CLANG_WARN_CONSTANT_CONVERSION = YES;
				CLANG_WARN_DIRECT_OBJC_ISA_USAGE = YES_ERROR;
				CLANG_WARN_EMPTY_BODY = YES;
				CLANG_WARN_ENUM_CONVERSION = YES;
				CLANG_WARN_INT_CONVERSION = YES;
				CLANG_WARN_OBJC_ROOT_CLASS = YES_ERROR;
				CLANG_WARN_UNREACHABLE_CODE = YES;
				CLANG_WARN__DUPLICATE_METHOD_MATCH = YES;
				CODE_SIGN_IDENTITY = "-";
				COPY_PHASE_STRIP = NO;
				DEBUG_INFORMATION_FORMAT = "dwarf-with-dsym";
				ENABLE_NS_ASSERTIONS = NO;
				ENABLE_STRICT_OBJC_MSGSEND = YES;
				GCC_C_LANGUAGE_STANDARD = gnu99;
				GCC_NO_COMMON_BLOCKS = YES;
				GCC_WARN_64_TO_32_BIT_CONVERSION = YES;
				GCC_WARN_ABOUT_RETURN_TYPE = YES_ERROR;
				GCC_WARN_UNDECLARED_SELECTOR = YES;
				GCC_WARN_UNINITIALIZED_AUTOS = YES_AGGRESSIVE;
				GCC_WARN_UNUSED_FUNCTION = YES;
				GCC_WARN_UNUSED_VARIABLE = YES;
				MACOSX_DEPLOYMENT_TARGET = 10.11;
				MTL_ENABLE_DEBUG_INFO = NO;
				SDKROOT = macosx;
			};
			name = Release;
		};
		270926D71CAC120000A9090D /* Debug */ = {
			isa = XCBuildConfiguration;
			buildSettings = {
				PRODUCT_NAME = "$(TARGET_NAME)";
			};
			name = Debug;
		};
		270926D81CAC120000A9090D /* Release */ = {
			isa = XCBuildConfiguration;
			buildSettings = {
				PRODUCT_NAME = "$(TARGET_NAME)";
			};
			name = Release;
		};
		270926DB1CAC121D00A9090D /* Debug */ = {
			isa = XCBuildConfiguration;
			buildSettings = {
				DEBUGGING_SYMBOLS = YES;
				DEBUG_INFORMATION_FORMAT = dwarf;
				GCC_GENERATE_DEBUGGING_SYMBOLS = YES;
				GCC_OPTIMIZATION_LEVEL = 0;
				OTHER_CFLAGS = "";
				OTHER_LDFLAGS = "";
				PRODUCT_NAME = "$(TARGET_NAME)";
			};
			name = Debug;
		};
		270926DC1CAC121D00A9090D /* Release */ = {
			isa = XCBuildConfiguration;
			buildSettings = {
				DEBUG_INFORMATION_FORMAT = "dwarf-with-dsym";
				OTHER_CFLAGS = "";
				OTHER_LDFLAGS = "";
				PRODUCT_NAME = "$(TARGET_NAME)";
			};
			name = Release;
		};
/* End XCBuildConfiguration section */

/* Begin XCConfigurationList section */
		270926CA1CAC120000A9090D /* Build configuration list for PBXProject "teensy" */ = {
			isa = XCConfigurationList;
			buildConfigurations = (
				270926D41CAC120000A9090D /* Debug */,
				270926D51CAC120000A9090D /* Release */,
			);
			defaultConfigurationIsVisible = 0;
			defaultConfigurationName = Release;
		};
		270926D61CAC120000A9090D /* Build configuration list for PBXNativeTarget "teensy" */ = {
			isa = XCConfigurationList;
			buildConfigurations = (
				270926D71CAC120000A9090D /* Debug */,
				270926D81CAC120000A9090D /* Release */,
			);
			defaultConfigurationIsVisible = 0;
		};
		270926DA1CAC121D00A9090D /* Build configuration list for PBXLegacyTarget "teensy-gcc" */ = {
			isa = XCConfigurationList;
			buildConfigurations = (
				270926DB1CAC121D00A9090D /* Debug */,
				270926DC1CAC121D00A9090D /* Release */,
			);
			defaultConfigurationIsVisible = 0;
		};
/* End XCConfigurationList section */
	};
	rootObject = 270926C71CAC120000A9090D /* Project object */;
}
